
Microsoft Visual Studio Solution File, Format Version 12.00
# Visual Studio Version 17
VisualStudioVersion = 17.14.36603.0 d17.14
MinimumVisualStudioVersion = 10.0.40219.1
Project("{FAE04EC0-301F-11D3-BF4B-00C04F79EFBC}") = "APIFinalProj", "APIFinalProj\APIFinalProj.csproj", "{93634BCC-19D8-4FC4-A55A-F007C054C676}"
EndProject
Global
	GlobalSection(SolutionConfigurationPlatforms) = preSolution
		Debug|Any CPU = Debug|Any CPU
		Release|Any CPU = Release|Any CPU
	EndGlobalSection
	GlobalSection(ProjectConfigurationPlatforms) = postSolution
		{93634BCC-19D8-4FC4-A55A-F007C054C676}.Debug|Any CPU.ActiveCfg = Debug|Any CPU
		{93634BCC-19D8-4FC4-A55A-F007C054C676}.Debug|Any CPU.Build.0 = Debug|Any CPU
		{93634BCC-19D8-4FC4-A55A-F007C054C676}.Release|Any CPU.ActiveCfg = Release|Any CPU
		{93634BCC-19D8-4FC4-A55A-F007C054C676}.Release|Any CPU.Build.0 = Release|Any CPU
	EndGlobalSection
	GlobalSection(SolutionProperties) = preSolution
		HideSolutionNode = FALSE
	EndGlobalSection
	GlobalSection(ExtensibilityGlobals) = postSolution
		SolutionGuid = {8EE2B50D-57F4-4300-9AA1-319BE67DE7ED}
	EndGlobalSection
EndGlobal
